
Microsoft Visual Studio Solution File, Format Version 12.00
# Visual Studio Version 16
VisualStudioVersion = 16.0.30114.105
MinimumVisualStudioVersion = 10.0.40219.1
Project("{FAE04EC0-301F-11D3-BF4B-00C04F79EFBC}") = "Text", "Text\Text.csproj", "{DEE21315-CF46-4C91-B0C7-8E31385FACCF}"
EndProject
Project("{FAE04EC0-301F-11D3-BF4B-00C04F79EFBC}") = "Text.Tests", "Text.Tests\Text.Tests.csproj", "{D543A2E4-6AFC-4CFF-A09D-D910ACAFECA0}"
EndProject
Global
	GlobalSection(SolutionConfigurationPlatforms) = preSolution
		Debug|Any CPU = Debug|Any CPU
		Debug|x64 = Debug|x64
		Debug|x86 = Debug|x86
		Release|Any CPU = Release|Any CPU
		Release|x64 = Release|x64
		Release|x86 = Release|x86
	EndGlobalSection
	GlobalSection(SolutionProperties) = preSolution
		HideSolutionNode = FALSE
	EndGlobalSection
	GlobalSection(ProjectConfigurationPlatforms) = postSolution
		{DEE21315-CF46-4C91-B0C7-8E31385FACCF}.Debug|Any CPU.ActiveCfg = Debug|Any CPU
		{DEE21315-CF46-4C91-B0C7-8E31385FACCF}.Debug|Any CPU.Build.0 = Debug|Any CPU
		{DEE21315-CF46-4C91-B0C7-8E31385FACCF}.Debug|x64.ActiveCfg = Debug|Any CPU
		{DEE21315-CF46-4C91-B0C7-8E31385FACCF}.Debug|x64.Build.0 = Debug|Any CPU
		{DEE21315-CF46-4C91-B0C7-8E31385FACCF}.Debug|x86.ActiveCfg = Debug|Any CPU
		{DEE21315-CF46-4C91-B0C7-8E31385FACCF}.Debug|x86.Build.0 = Debug|Any CPU
		{DEE21315-CF46-4C91-B0C7-8E31385FACCF}.Release|Any CPU.ActiveCfg = Release|Any CPU
		{DEE21315-CF46-4C91-B0C7-8E31385FACCF}.Release|Any CPU.Build.0 = Release|Any CPU
		{DEE21315-CF46-4C91-B0C7-8E31385FACCF}.Release|x64.ActiveCfg = Release|Any CPU
		{DEE21315-CF46-4C91-B0C7-8E31385FACCF}.Release|x64.Build.0 = Release|Any CPU
		{DEE21315-CF46-4C91-B0C7-8E31385FACCF}.Release|x86.ActiveCfg = Release|Any CPU
		{DEE21315-CF46-4C91-B0C7-8E31385FACCF}.Release|x86.Build.0 = Release|Any CPU
		{D543A2E4-6AFC-4CFF-A09D-D910ACAFECA0}.Debug|Any CPU.ActiveCfg = Debug|Any CPU
		{D543A2E4-6AFC-4CFF-A09D-D910ACAFECA0}.Debug|Any CPU.Build.0 = Debug|Any CPU
		{D543A2E4-6AFC-4CFF-A09D-D910ACAFECA0}.Debug|x64.ActiveCfg = Debug|Any CPU
		{D543A2E4-6AFC-4CFF-A09D-D910ACAFECA0}.Debug|x64.Build.0 = Debug|Any CPU
		{D543A2E4-6AFC-4CFF-A09D-D910ACAFECA0}.Debug|x86.ActiveCfg = Debug|Any CPU
		{D543A2E4-6AFC-4CFF-A09D-D910ACAFECA0}.Debug|x86.Build.0 = Debug|Any CPU
		{D543A2E4-6AFC-4CFF-A09D-D910ACAFECA0}.Release|Any CPU.ActiveCfg = Release|Any CPU
		{D543A2E4-6AFC-4CFF-A09D-D910ACAFECA0}.Release|Any CPU.Build.0 = Release|Any CPU
		{D543A2E4-6AFC-4CFF-A09D-D910ACAFECA0}.Release|x64.ActiveCfg = Release|Any CPU
		{D543A2E4-6AFC-4CFF-A09D-D910ACAFECA0}.Release|x64.Build.0 = Release|Any CPU
		{D543A2E4-6AFC-4CFF-A09D-D910ACAFECA0}.Release|x86.ActiveCfg = Release|Any CPU
		{D543A2E4-6AFC-4CFF-A09D-D910ACAFECA0}.Release|x86.Build.0 = Release|Any CPU
	EndGlobalSection
EndGlobal
